
Microsoft Visual Studio Solution File, Format Version 12.00
# Visual Studio Version 17
VisualStudioVersion = 17.13.35931.197
MinimumVisualStudioVersion = 10.0.40219.1
Project("{FAE04EC0-301F-11D3-BF4B-00C04F79EFBC}") = "Kinopoisk.Core", "Kinopoisk.Core\Kinopoisk.Core.csproj", "{7CA5808A-8408-49EC-BFFF-4AB1408FAA6B}"
EndProject
Project("{FAE04EC0-301F-11D3-BF4B-00C04F79EFBC}") = "Kinopoisk.DataAccess", "Kinopoisk.DataAccess\Kinopoisk.DataAccess.csproj", "{BD9C3F9E-4341-45EB-98EF-CA6B2506DE52}"
EndProject
Project("{FAE04EC0-301F-11D3-BF4B-00C04F79EFBC}") = "Kinopoisk.Services", "Kinopoisk.Services\Kinopoisk.Services.csproj", "{914588EC-B962-435E-BA72-D1EB62694D12}"
EndProject
Project("{FAE04EC0-301F-11D3-BF4B-00C04F79EFBC}") = "Kinopoisk.MVC", "Kinopoisk.MVC\Kinopoisk.MVC.csproj", "{B1FF0BC3-5373-4738-AEEC-145EC364A9E6}"
EndProject
Project("{FAE04EC0-301F-11D3-BF4B-00C04F79EFBC}") = "Kinopoisk.WebApi", "Kinopoisk.WebApi\Kinopoisk.WebApi.csproj", "{C6B73857-4381-49D0-8B23-F31CA872F4B5}"
EndProject
Project("{FAE04EC0-301F-11D3-BF4B-00C04F79EFBC}") = "Kinopoisk.UnitTests", "Kinopoisk.UnitTests\Kinopoisk.UnitTests.csproj", "{1D8D403C-275C-4218-B107-039027FA1634}"
EndProject
Global
	GlobalSection(SolutionConfigurationPlatforms) = preSolution
		Debug|Any CPU = Debug|Any CPU
		Release|Any CPU = Release|Any CPU
	EndGlobalSection
	GlobalSection(ProjectConfigurationPlatforms) = postSolution
		{7CA5808A-8408-49EC-BFFF-4AB1408FAA6B}.Debug|Any CPU.ActiveCfg = Debug|Any CPU
		{7CA5808A-8408-49EC-BFFF-4AB1408FAA6B}.Debug|Any CPU.Build.0 = Debug|Any CPU
		{7CA5808A-8408-49EC-BFFF-4AB1408FAA6B}.Release|Any CPU.ActiveCfg = Release|Any CPU
		{7CA5808A-8408-49EC-BFFF-4AB1408FAA6B}.Release|Any CPU.Build.0 = Release|Any CPU
		{BD9C3F9E-4341-45EB-98EF-CA6B2506DE52}.Debug|Any CPU.ActiveCfg = Debug|Any CPU
		{BD9C3F9E-4341-45EB-98EF-CA6B2506DE52}.Debug|Any CPU.Build.0 = Debug|Any CPU
		{BD9C3F9E-4341-45EB-98EF-CA6B2506DE52}.Release|Any CPU.ActiveCfg = Release|Any CPU
		{BD9C3F9E-4341-45EB-98EF-CA6B2506DE52}.Release|Any CPU.Build.0 = Release|Any CPU
		{914588EC-B962-435E-BA72-D1EB62694D12}.Debug|Any CPU.ActiveCfg = Debug|Any CPU
		{914588EC-B962-435E-BA72-D1EB62694D12}.Debug|Any CPU.Build.0 = Debug|Any CPU
		{914588EC-B962-435E-BA72-D1EB62694D12}.Release|Any CPU.ActiveCfg = Release|Any CPU
		{914588EC-B962-435E-BA72-D1EB62694D12}.Release|Any CPU.Build.0 = Release|Any CPU
		{B1FF0BC3-5373-4738-AEEC-145EC364A9E6}.Debug|Any CPU.ActiveCfg = Debug|Any CPU
		{B1FF0BC3-5373-4738-AEEC-145EC364A9E6}.Debug|Any CPU.Build.0 = Debug|Any CPU
		{B1FF0BC3-5373-4738-AEEC-145EC364A9E6}.Release|Any CPU.ActiveCfg = Release|Any CPU
		{B1FF0BC3-5373-4738-AEEC-145EC364A9E6}.Release|Any CPU.Build.0 = Release|Any CPU
		{C6B73857-4381-49D0-8B23-F31CA872F4B5}.Debug|Any CPU.ActiveCfg = Debug|Any CPU
		{C6B73857-4381-49D0-8B23-F31CA872F4B5}.Debug|Any CPU.Build.0 = Debug|Any CPU
		{C6B73857-4381-49D0-8B23-F31CA872F4B5}.Release|Any CPU.ActiveCfg = Release|Any CPU
		{C6B73857-4381-49D0-8B23-F31CA872F4B5}.Release|Any CPU.Build.0 = Release|Any CPU
		{1D8D403C-275C-4218-B107-039027FA1634}.Debug|Any CPU.ActiveCfg = Debug|Any CPU
		{1D8D403C-275C-4218-B107-039027FA1634}.Debug|Any CPU.Build.0 = Debug|Any CPU
		{1D8D403C-275C-4218-B107-039027FA1634}.Release|Any CPU.ActiveCfg = Release|Any CPU
		{1D8D403C-275C-4218-B107-039027FA1634}.Release|Any CPU.Build.0 = Release|Any CPU
	EndGlobalSection
	GlobalSection(SolutionProperties) = preSolution
		HideSolutionNode = FALSE
	EndGlobalSection
	GlobalSection(ExtensibilityGlobals) = postSolution
		SolutionGuid = {BA86ED16-35EC-4A15-B648-EF7065FA1BF3}
	EndGlobalSection
EndGlobal
